// !$*UTF8*$!
{
	archiveVersion = 1;
	classes = {
	};
	objectVersion = 46;
	objects = {

/* Begin PBXBuildFile section */
		2A167EAB1C2DFDE400AB28FC /* main.m in Sources */ = {isa = PBXBuildFile; fileRef = 2A167EAA1C2DFDE400AB28FC /* main.m */; };
		2A167EAE1C2DFDE400AB28FC /* AppDelegate.m in Sources */ = {isa = PBXBuildFile; fileRef = 2A167EAD1C2DFDE400AB28FC /* AppDelegate.m */; };
		2A167EB41C2DFDE400AB28FC /* Main.storyboard in Resources */ = {isa = PBXBuildFile; fileRef = 2A167EB21C2DFDE400AB28FC /* Main.storyboard */; };
		2A167EB61C2DFDE400AB28FC /* Assets.xcassets in Resources */ = {isa = PBXBuildFile; fileRef = 2A167EB51C2DFDE400AB28FC /* Assets.xcassets */; };
		2A167EB91C2DFDE400AB28FC /* LaunchScreen.storyboard in Resources */ = {isa = PBXBuildFile; fileRef = 2A167EB71C2DFDE400AB28FC /* LaunchScreen.storyboard */; };
		2A167ECF1C31D19C00AB28FC /* ProjectCollectionViewCell.m in Sources */ = {isa = PBXBuildFile; fileRef = 2A167ECE1C31D19C00AB28FC /* ProjectCollectionViewCell.m */; };
		2A167ED51C31DF6700AB28FC /* Project.m in Sources */ = {isa = PBXBuildFile; fileRef = 2A167ED41C31DF6700AB28FC /* Project.m */; };
		2A167EDF1C31F72A00AB28FC /* ProjectCollectionView.xib in Resources */ = {isa = PBXBuildFile; fileRef = 2A167EDE1C31F72A00AB28FC /* ProjectCollectionView.xib */; };
		2A167EE11C31F76700AB28FC /* ProjectCollectionViewCell.xib in Resources */ = {isa = PBXBuildFile; fileRef = 2A167EE01C31F76700AB28FC /* ProjectCollectionViewCell.xib */; };
		2A167EE41C3202E500AB28FC /* IntroductionViewController.m in Sources */ = {isa = PBXBuildFile; fileRef = 2A167EE31C3202E500AB28FC /* IntroductionViewController.m */; };
		2A167EEA1C32035B00AB28FC /* UIButton+Pulse.m in Sources */ = {isa = PBXBuildFile; fileRef = 2A167EE91C32035B00AB28FC /* UIButton+Pulse.m */; };
		2A167EED1C32378D00AB28FC /* ProjectViewController.m in Sources */ = {isa = PBXBuildFile; fileRef = 2A167EEC1C32378D00AB28FC /* ProjectViewController.m */; };
/* End PBXBuildFile section */

/* Begin PBXFileReference section */
		2A167EA61C2DFDE400AB28FC /* Me.app */ = {isa = PBXFileReference; explicitFileType = wrapper.application; includeInIndex = 0; path = Me.app; sourceTree = BUILT_PRODUCTS_DIR; };
		2A167EAA1C2DFDE400AB28FC /* main.m */ = {isa = PBXFileReference; lastKnownFileType = sourcecode.c.objc; path = main.m; sourceTree = "<group>"; };
		2A167EAC1C2DFDE400AB28FC /* AppDelegate.h */ = {isa = PBXFileReference; lastKnownFileType = sourcecode.c.h; path = AppDelegate.h; sourceTree = "<group>"; };
		2A167EAD1C2DFDE400AB28FC /* AppDelegate.m */ = {isa = PBXFileReference; lastKnownFileType = sourcecode.c.objc; path = AppDelegate.m; sourceTree = "<group>"; };
		2A167EB31C2DFDE400AB28FC /* Base */ = {isa = PBXFileReference; lastKnownFileType = file.storyboard; name = Base; path = Base.lproj/Main.storyboard; sourceTree = "<group>"; };
		2A167EB51C2DFDE400AB28FC /* Assets.xcassets */ = {isa = PBXFileReference; lastKnownFileType = folder.assetcatalog; path = Assets.xcassets; sourceTree = "<group>"; };
		2A167EB81C2DFDE400AB28FC /* Base */ = {isa = PBXFileReference; lastKnownFileType = file.storyboard; name = Base; path = Base.lproj/LaunchScreen.storyboard; sourceTree = "<group>"; };
		2A167EBA1C2DFDE400AB28FC /* Info.plist */ = {isa = PBXFileReference; lastKnownFileType = text.plist.xml; path = Info.plist; sourceTree = "<group>"; };
		2A167ECD1C31D19C00AB28FC /* ProjectCollectionViewCell.h */ = {isa = PBXFileReference; fileEncoding = 4; lastKnownFileType = sourcecode.c.h; path = ProjectCollectionViewCell.h; sourceTree = "<group>"; };
		2A167ECE1C31D19C00AB28FC /* ProjectCollectionViewCell.m */ = {isa = PBXFileReference; fileEncoding = 4; lastKnownFileType = sourcecode.c.objc; path = ProjectCollectionViewCell.m; sourceTree = "<group>"; };
		2A167ED01C31D92100AB28FC /* Project.h */ = {isa = PBXFileReference; lastKnownFileType = sourcecode.c.h; path = Project.h; sourceTree = "<group>"; };
		2A167ED41C31DF6700AB28FC /* Project.m */ = {isa = PBXFileReference; fileEncoding = 4; lastKnownFileType = sourcecode.c.objc; path = Project.m; sourceTree = "<group>"; };
		2A167EDE1C31F72A00AB28FC /* ProjectCollectionView.xib */ = {isa = PBXFileReference; fileEncoding = 4; lastKnownFileType = file.xib; path = ProjectCollectionView.xib; sourceTree = "<group>"; };
		2A167EE01C31F76700AB28FC /* ProjectCollectionViewCell.xib */ = {isa = PBXFileReference; fileEncoding = 4; lastKnownFileType = file.xib; path = ProjectCollectionViewCell.xib; sourceTree = "<group>"; };
		2A167EE21C3202E500AB28FC /* IntroductionViewController.h */ = {isa = PBXFileReference; fileEncoding = 4; lastKnownFileType = sourcecode.c.h; path = IntroductionViewController.h; sourceTree = "<group>"; };
		2A167EE31C3202E500AB28FC /* IntroductionViewController.m */ = {isa = PBXFileReference; fileEncoding = 4; lastKnownFileType = sourcecode.c.objc; path = IntroductionViewController.m; sourceTree = "<group>"; };
		2A167EE81C32035B00AB28FC /* UIButton+Pulse.h */ = {isa = PBXFileReference; fileEncoding = 4; lastKnownFileType = sourcecode.c.h; path = "UIButton+Pulse.h"; sourceTree = "<group>"; };
		2A167EE91C32035B00AB28FC /* UIButton+Pulse.m */ = {isa = PBXFileReference; fileEncoding = 4; lastKnownFileType = sourcecode.c.objc; path = "UIButton+Pulse.m"; sourceTree = "<group>"; };
		2A167EEB1C32378D00AB28FC /* ProjectViewController.h */ = {isa = PBXFileReference; fileEncoding = 4; lastKnownFileType = sourcecode.c.h; path = ProjectViewController.h; sourceTree = "<group>"; };
		2A167EEC1C32378D00AB28FC /* ProjectViewController.m */ = {isa = PBXFileReference; fileEncoding = 4; lastKnownFileType = sourcecode.c.objc; path = ProjectViewController.m; sourceTree = "<group>"; };
/* End PBXFileReference section */

/* Begin PBXFrameworksBuildPhase section */
		2A167EA31C2DFDE400AB28FC /* Frameworks */ = {
			isa = PBXFrameworksBuildPhase;
			buildActionMask = 2147483647;
			files = (
			);
			runOnlyForDeploymentPostprocessing = 0;
		};
/* End PBXFrameworksBuildPhase section */

/* Begin PBXGroup section */
		2A167E9D1C2DFDE400AB28FC = {
			isa = PBXGroup;
			children = (
				2A167EA81C2DFDE400AB28FC /* Me */,
				2A167EA71C2DFDE400AB28FC /* Products */,
			);
			sourceTree = "<group>";
		};
		2A167EA71C2DFDE400AB28FC /* Products */ = {
			isa = PBXGroup;
			children = (
				2A167EA61C2DFDE400AB28FC /* Me.app */,
			);
			name = Products;
			sourceTree = "<group>";
		};
		2A167EA81C2DFDE400AB28FC /* Me */ = {
			isa = PBXGroup;
			children = (
				2A167EAC1C2DFDE400AB28FC /* AppDelegate.h */,
				2A167EAD1C2DFDE400AB28FC /* AppDelegate.m */,
				2A167EB21C2DFDE400AB28FC /* Main.storyboard */,
				2A167EE21C3202E500AB28FC /* IntroductionViewController.h */,
				2A167EE31C3202E500AB28FC /* IntroductionViewController.m */,
				2A167ED01C31D92100AB28FC /* Project.h */,
				2A167ED41C31DF6700AB28FC /* Project.m */,
				2A167EEB1C32378D00AB28FC /* ProjectViewController.h */,
				2A167EEC1C32378D00AB28FC /* ProjectViewController.m */,
				2A167ECD1C31D19C00AB28FC /* ProjectCollectionViewCell.h */,
				2A167ECE1C31D19C00AB28FC /* ProjectCollectionViewCell.m */,
				2A167EE81C32035B00AB28FC /* UIButton+Pulse.h */,
				2A167EE91C32035B00AB28FC /* UIButton+Pulse.m */,
				2A167EDE1C31F72A00AB28FC /* ProjectCollectionView.xib */,
				2A167EE01C31F76700AB28FC /* ProjectCollectionViewCell.xib */,
				2A167EB51C2DFDE400AB28FC /* Assets.xcassets */,
				2A167EB71C2DFDE400AB28FC /* LaunchScreen.storyboard */,
				2A167EBA1C2DFDE400AB28FC /* Info.plist */,
				2A167EA91C2DFDE400AB28FC /* Supporting Files */,
			);
			path = Me;
			sourceTree = "<group>";
		};
		2A167EA91C2DFDE400AB28FC /* Supporting Files */ = {
			isa = PBXGroup;
			children = (
				2A167EAA1C2DFDE400AB28FC /* main.m */,
			);
			name = "Supporting Files";
			sourceTree = "<group>";
		};
/* End PBXGroup section */

/* Begin PBXNativeTarget section */
		2A167EA51C2DFDE400AB28FC /* Me */ = {
			isa = PBXNativeTarget;
			buildConfigurationList = 2A167EBD1C2DFDE400AB28FC /* Build configuration list for PBXNativeTarget "Me" */;
			buildPhases = (
				2A167EA21C2DFDE400AB28FC /* Sources */,
				2A167EA31C2DFDE400AB28FC /* Frameworks */,
				2A167EA41C2DFDE400AB28FC /* Resources */,
			);
			buildRules = (
			);
			dependencies = (
			);
			name = Me;
			productName = Me;
			productReference = 2A167EA61C2DFDE400AB28FC /* Me.app */;
			productType = "com.apple.product-type.application";
		};
/* End PBXNativeTarget section */

/* Begin PBXProject section */
		2A167E9E1C2DFDE400AB28FC /* Project object */ = {
			isa = PBXProject;
			attributes = {
				LastUpgradeCheck = 0710;
				ORGANIZATIONNAME = "Ayush Saraswat";
				TargetAttributes = {
					2A167EA51C2DFDE400AB28FC = {
						CreatedOnToolsVersion = 7.1.1;
					};
				};
			};
			buildConfigurationList = 2A167EA11C2DFDE400AB28FC /* Build configuration list for PBXProject "Me" */;
			compatibilityVersion = "Xcode 3.2";
			developmentRegion = English;
			hasScannedForEncodings = 0;
			knownRegions = (
				en,
				Base,
			);
			mainGroup = 2A167E9D1C2DFDE400AB28FC;
			productRefGroup = 2A167EA71C2DFDE400AB28FC /* Products */;
			projectDirPath = "";
			projectRoot = "";
			targets = (
				2A167EA51C2DFDE400AB28FC /* Me */,
			);
		};
/* End PBXProject section */

/* Begin PBXResourcesBuildPhase section */
		2A167EA41C2DFDE400AB28FC /* Resources */ = {
			isa = PBXResourcesBuildPhase;
			buildActionMask = 2147483647;
			files = (
				2A167EE11C31F76700AB28FC /* ProjectCollectionViewCell.xib in Resources */,
				2A167EDF1C31F72A00AB28FC /* ProjectCollectionView.xib in Resources */,
				2A167EB91C2DFDE400AB28FC /* LaunchScreen.storyboard in Resources */,
				2A167EB61C2DFDE400AB28FC /* Assets.xcassets in Resources */,
				2A167EB41C2DFDE400AB28FC /* Main.storyboard in Resources */,
			);
			runOnlyForDeploymentPostprocessing = 0;
		};
/* End PBXResourcesBuildPhase section */

/* Begin PBXSourcesBuildPhase section */
		2A167EA21C2DFDE400AB28FC /* Sources */ = {
			isa = PBXSourcesBuildPhase;
			buildActionMask = 2147483647;
			files = (
				2A167EE41C3202E500AB28FC /* IntroductionViewController.m in Sources */,
				2A167ECF1C31D19C00AB28FC /* ProjectCollectionViewCell.m in Sources */,
				2A167EEA1C32035B00AB28FC /* UIButton+Pulse.m in Sources */,
				2A167EED1C32378D00AB28FC /* ProjectViewController.m in Sources */,
				2A167EAE1C2DFDE400AB28FC /* AppDelegate.m in Sources */,
				2A167ED51C31DF6700AB28FC /* Project.m in Sources */,
				2A167EAB1C2DFDE400AB28FC /* main.m in Sources */,
			);
			runOnlyForDeploymentPostprocessing = 0;
		};
/* End PBXSourcesBuildPhase section */

/* Begin PBXVariantGroup section */
		2A167EB21C2DFDE400AB28FC /* Main.storyboard */ = {
			isa = PBXVariantGroup;
			children = (
				2A167EB31C2DFDE400AB28FC /* Base */,
			);
			name = Main.storyboard;
			sourceTree = "<group>";
		};
		2A167EB71C2DFDE400AB28FC /* LaunchScreen.storyboard */ = {
			isa = PBXVariantGroup;
			children = (
				2A167EB81C2DFDE400AB28FC /* Base */,
			);
			name = LaunchScreen.storyboard;
			sourceTree = "<group>";
		};
/* End PBXVariantGroup section */

/* Begin XCBuildConfiguration section */
		2A167EBB1C2DFDE400AB28FC /* Debug */ = {
			isa = XCBuildConfiguration;
			buildSettings = {
				ALWAYS_SEARCH_USER_PATHS = NO;
				CLANG_CXX_LANGUAGE_STANDARD = "gnu++0x";
				CLANG_CXX_LIBRARY = "libc++";
				CLANG_ENABLE_MODULES = YES;
				CLANG_ENABLE_OBJC_ARC = YES;
				CLANG_WARN_BOOL_CONVERSION = YES;
				CLANG_WARN_CONSTANT_CONVERSION = YES;
				CLANG_WARN_DIRECT_OBJC_ISA_USAGE = YES_ERROR;
				CLANG_WARN_EMPTY_BODY = YES;
				CLANG_WARN_ENUM_CONVERSION = YES;
				CLANG_WARN_INT_CONVERSION = YES;
				CLANG_WARN_OBJC_ROOT_CLASS = YES_ERROR;
				CLANG_WARN_UNREACHABLE_CODE = YES;
				CLANG_WARN__DUPLICATE_METHOD_MATCH = YES;
				"CODE_SIGN_IDENTITY[sdk=iphoneos*]" = "iPhone Developer";
				COPY_PHASE_STRIP = NO;
				DEBUG_INFORMATION_FORMAT = dwarf;
				ENABLE_STRICT_OBJC_MSGSEND = YES;
				ENABLE_TESTABILITY = YES;
				GCC_C_LANGUAGE_STANDARD = gnu99;
				GCC_DYNAMIC_NO_PIC = NO;
				GCC_NO_COMMON_BLOCKS = YES;
				GCC_OPTIMIZATION_LEVEL = 0;
				GCC_PREPROCESSOR_DEFINITIONS = (
					"DEBUG=1",
					"$(inherited)",
				);
				GCC_WARN_64_TO_32_BIT_CONVERSION = YES;
				GCC_WARN_ABOUT_RETURN_TYPE = YES_ERROR;
				GCC_WARN_UNDECLARED_SELECTOR = YES;
				GCC_WARN_UNINITIALIZED_AUTOS = YES_AGGRESSIVE;
				GCC_WARN_UNUSED_FUNCTION = YES;
				GCC_WARN_UNUSED_VARIABLE = YES;
				IPHONEOS_DEPLOYMENT_TARGET = 9.1;
				MTL_ENABLE_DEBUG_INFO = YES;
				ONLY_ACTIVE_ARCH = YES;
				SDKROOT = iphoneos;
				TARGETED_DEVICE_FAMILY = "1,2";
			};
			name = Debug;
		};
		2A167EBC1C2DFDE400AB28FC /* Release */ = {
			isa = XCBuildConfiguration;
			buildSettings = {
				ALWAYS_SEARCH_USER_PATHS = NO;
				CLANG_CXX_LANGUAGE_STANDARD = "gnu++0x";
				CLANG_CXX_LIBRARY = "libc++";
				CLANG_ENABLE_MODULES = YES;
				CLANG_ENABLE_OBJC_ARC = YES;
				CLANG_WARN_BOOL_CONVERSION = YES;
				CLANG_WARN_CONSTANT_CONVERSION = YES;
				CLANG_WARN_DIRECT_OBJC_ISA_USAGE = YES_ERROR;
				CLANG_WARN_EMPTY_BODY = YES;
				CLANG_WARN_ENUM_CONVERSION = YES;
				CLANG_WARN_INT_CONVERSION = YES;
				CLANG_WARN_OBJC_ROOT_CLASS = YES_ERROR;
				CLANG_WARN_UNREACHABLE_CODE = YES;
				CLANG_WARN__DUPLICATE_METHOD_MATCH = YES;
				"CODE_SIGN_IDENTITY[sdk=iphoneos*]" = "iPhone Developer";
				COPY_PHASE_STRIP = NO;
				DEBUG_INFORMATION_FORMAT = "dwarf-with-dsym";
				ENABLE_NS_ASSERTIONS = NO;
				ENABLE_STRICT_OBJC_MSGSEND = YES;
				GCC_C_LANGUAGE_STANDARD = gnu99;
				GCC_NO_COMMON_BLOCKS = YES;
				GCC_WARN_64_TO_32_BIT_CONVERSION = YES;
				GCC_WARN_ABOUT_RETURN_TYPE = YES_ERROR;
				GCC_WARN_UNDECLARED_SELECTOR = YES;
				GCC_WARN_UNINITIALIZED_AUTOS = YES_AGGRESSIVE;
				GCC_WARN_UNUSED_FUNCTION = YES;
				GCC_WARN_UNUSED_VARIABLE = YES;
				IPHONEOS_DEPLOYMENT_TARGET = 9.1;
				MTL_ENABLE_DEBUG_INFO = NO;
				SDKROOT = iphoneos;
				TARGETED_DEVICE_FAMILY = "1,2";
				VALIDATE_PRODUCT = YES;
			};
			name = Release;
		};
		2A167EBE1C2DFDE400AB28FC /* Debug */ = {
			isa = XCBuildConfiguration;
			buildSettings = {
				ASSETCATALOG_COMPILER_APPICON_NAME = AppIcon;
				INFOPLIST_FILE = Me/Info.plist;
				LD_RUNPATH_SEARCH_PATHS = "$(inherited) @executable_path/Frameworks";
				PRODUCT_BUNDLE_IDENTIFIER = me.ayush.Me;
				PRODUCT_NAME = "$(TARGET_NAME)";
				TARGETED_DEVICE_FAMILY = 1;
			};
			name = Debug;
		};
		2A167EBF1C2DFDE400AB28FC /* Release */ = {
			isa = XCBuildConfiguration;
			buildSettings = {
				ASSETCATALOG_COMPILER_APPICON_NAME = AppIcon;
				INFOPLIST_FILE = Me/Info.plist;
				LD_RUNPATH_SEARCH_PATHS = "$(inherited) @executable_path/Frameworks";
				PRODUCT_BUNDLE_IDENTIFIER = me.ayush.Me;
				PRODUCT_NAME = "$(TARGET_NAME)";
				TARGETED_DEVICE_FAMILY = 1;
			};
			name = Release;
		};
/* End XCBuildConfiguration section */

/* Begin XCConfigurationList section */
		2A167EA11C2DFDE400AB28FC /* Build configuration list for PBXProject "Me" */ = {
			isa = XCConfigurationList;
			buildConfigurations = (
				2A167EBB1C2DFDE400AB28FC /* Debug */,
				2A167EBC1C2DFDE400AB28FC /* Release */,
			);
			defaultConfigurationIsVisible = 0;
			defaultConfigurationName = Release;
		};
		2A167EBD1C2DFDE400AB28FC /* Build configuration list for PBXNativeTarget "Me" */ = {
			isa = XCConfigurationList;
			buildConfigurations = (
				2A167EBE1C2DFDE400AB28FC /* Debug */,
				2A167EBF1C2DFDE400AB28FC /* Release */,
			);
			defaultConfigurationIsVisible = 0;
		};
/* End XCConfigurationList section */
	};
	rootObject = 2A167E9E1C2DFDE400AB28FC /* Project object */;
}
